{
  "name": "apk-signer",
  "version": "0.0.1",
  "lockfileVersion": 3,
  "requires": true,
  "packages": {
    "": {
      "name": "apk-signer",
      "version": "0.0.1",
      "dependencies": {
        "@bmatusiak/rectify": "github:bmatusiak/rectify",
        "node-hid": "^3.4.0",
        "node-onlykey-lib": "file:../../node-onlykey-lib"
      },
      "bin": {
        "apk-signer": "cli.js"
      }
    },
    "../../node-onlykey-lib": {
      "version": "0.1.0",
      "license": "Apache-2.0",
      "dependencies": {
        "@bmatusiak/rectify": "github:bmatusiak/rectify",
        "@noble/ciphers": "^2.4.0",
        "@noble/curves": "^2.4.0",
        "@noble/hashes": "^2.4.0",
        "@noble/post-quantum": "^0.7.1",
        "tweetnacl": "^1.0.3"
      },
      "devDependencies": {
        "typescript": "^6.0.3"
      }
    },
    "node_modules/@bmatusiak/rectify": {
      "version": "2.0.0",
      "resolved": "git+ssh://git@github.com/bmatusiak/rectify.git#a0d9f0e6e537053122273b1f763ac87ae461361c",
      "license": "ISC",
      "dependencies": {
        "events": "^3.3.0"
      }
    },
    "node_modules/events": {
      "version": "3.3.0",
      "resolved": "https://registry.npmjs.org/events/-/events-3.3.0.tgz",
      "integrity": "sha512-mQw+2fkQbALzQ7V0MY0IqdnXNOeTtP4r0lN9z7AAawCXgqea7bDii20AYrIBrFd/Hx0M2Ocz6S111CaFkUcb0Q==",
      "license": "MIT",
      "engines": {
        "node": ">=0.8.x"
      }
    },
    "node_modules/node-addon-api": {
      "version": "8.9.2",
      "resolved": "https://registry.npmjs.org/node-addon-api/-/node-addon-api-8.9.2.tgz",
      "integrity": "sha512-VijLXbi3UACN69I0JVXJsX4tjACjNoQDgv2gTF6sx2wWEi8tkSg2eX8p5gSIFi8z2+DL3oHmY6OyKce38SDolg==",
      "license": "MIT",
      "engines": {
        "node": "^18 || ^20 || >= 21"
      }
    },
    "node_modules/node-hid": {
      "version": "3.4.0",
      "resolved": "https://registry.npmjs.org/node-hid/-/node-hid-3.4.0.tgz",
      "integrity": "sha512-Br7EO3bJARAJBdtcsGzF/Vs5TjfbkaMdglqLQ+Rk9GOGgVqv5DxYUVH5znLerJU+OfBWw8sd552Ujcprz1bG9g==",
      "hasInstallScript": true,
      "license": "(MIT OR X11)",
      "dependencies": {
        "node-addon-api": "^8.9.0",
        "pkg-prebuilds": "^1.1.0"
      },
      "bin": {
        "hid-showdevices": "src/show-devices.js"
      },
      "engines": {
        "node": ">=10.16"
      }
    },
    "node_modules/node-onlykey-lib": {
      "resolved": "../../node-onlykey-lib",
      "link": true
    },
    "node_modules/pkg-prebuilds": {
      "version": "1.1.0",
      "resolved": "https://registry.npmjs.org/pkg-prebuilds/-/pkg-prebuilds-1.1.0.tgz",
      "integrity": "sha512-jyai+KTQ2OwbN6iRYw88XbYOMgtpoSYJpjYebx7d9ihqz3txNi3ucsBt3va0iVWe6svSlaqpijMHFF/eJCMZzg==",
      "license": "MIT",
      "bin": {
        "pkg-prebuilds-copy": "bin/copy.mjs",
        "pkg-prebuilds-verify": "bin/verify.mjs"
      },
      "engines": {
        "node": ">= 14.15.0"
      }
    }
  }
}
